<?xml version="1.0" encoding="utf-8"?>
<Project ToolsVersion="4.0" xmlns="http://schemas.microsoft.com/developer/msbuild/2003">
  <ItemGroup>
    <ClCompile Include="App.cpp" />
    <ClCompile Include="main.cpp" />
    <ClCompile Include="SDLEvent.cpp" />
    <ClCompile Include="TimeManager.cpp" />
    <ClCompile Include="stb_image.c" />
    <ClCompile Include="Configuration.cpp">
      <Filter>Game\Source files\Utilities</Filter>
    </ClCompile>
    <ClCompile Include="Vector2.cpp">
      <Filter>Engine\Source files\Math</Filter>
    </ClCompile>
    <ClCompile Include="Utilities.cpp">
      <Filter>Engine\Source files\FileSystem</Filter>
    </ClCompile>
    <ClCompile Include="Ship.cpp">
      <Filter>Game\Source files\Entities</Filter>
    </ClCompile>
    <ClCompile Include="Entity.cpp">
      <Filter>Game\Source files\Entities</Filter>
    </ClCompile>
    <ClCompile Include="Drawable2D.cpp">
      <Filter>Engine\Source files\Graphics</Filter>
    </ClCompile>
    <ClCompile Include="Asteroid.cpp">
      <Filter>Game\Source files\Entities</Filter>
    </ClCompile>
  </ItemGroup>
  <ItemGroup>
    <ClInclude Include="App.hpp" />
    <ClInclude Include="SDLEvent.hpp" />
    <ClInclude Include="TimeManager.hpp" />
    <ClInclude Include="Configuration.hpp">
      <Filter>Game\Header files\Utilities</Filter>
    </ClInclude>
    <ClInclude Include="Ship.hpp">
      <Filter>Game\Header files\Entities</Filter>
    </ClInclude>
    <ClInclude Include="Vector2.hpp">
      <Filter>Engine\Header files\Math</Filter>
    </ClInclude>
    <ClInclude Include="Utilities.hpp">
      <Filter>Engine\Header files\FileSystem</Filter>
    </ClInclude>
    <ClInclude Include="Entity.hpp">
      <Filter>Game\Header files\Entities</Filter>
    </ClInclude>
    <ClInclude Include="Constants.hpp">
      <Filter>Engine\Header files\Math</Filter>
    </ClInclude>
    <ClInclude Include="Drawable2D.hpp">
      <Filter>Engine\Header files\Graphics</Filter>
    </ClInclude>
    <ClInclude Include="MathUtilities.hpp">
      <Filter>Engine\Header files\Math</Filter>
    </ClInclude>
    <ClInclude Include="Asteroid.h">
      <Filter>Game\Header files\Entities</Filter>
    </ClInclude>
  </ItemGroup>
  <ItemGroup>
    <Filter Include="Engine">
      <UniqueIdentifier>{6f9fb37f-e47b-46c3-8209-dbf486018555}</UniqueIdentifier>
    </Filter>
    <Filter Include="Engine\Source files">
      <UniqueIdentifier>{0a3ec513-922c-4b14-83e3-98e1934fea74}</UniqueIdentifier>
    </Filter>
    <Filter Include="Engine\Header files">
      <UniqueIdentifier>{da8cc683-e66e-46b9-be58-7d0e16e23f76}</UniqueIdentifier>
    </Filter>
    <Filter Include="Game">
      <UniqueIdentifier>{9f607ccb-5fe1-415d-9ec6-e187db05064c}</UniqueIdentifier>
    </Filter>
    <Filter Include="Game\Header files">
      <UniqueIdentifier>{55d6e081-31db-45a5-8ca2-0a47fbcfdee1}</UniqueIdentifier>
    </Filter>
    <Filter Include="Game\Source files">
      <UniqueIdentifier>{e53cc361-507a-41f6-a412-6114944ecccd}</UniqueIdentifier>
    </Filter>
    <Filter Include="Game\Header files\Utilities">
      <UniqueIdentifier>{9a92224f-3c5c-41a1-bd56-b72686f4d0ef}</UniqueIdentifier>
    </Filter>
    <Filter Include="Game\Source files\Utilities">
      <UniqueIdentifier>{d2742712-8843-4a40-842d-e723620b8717}</UniqueIdentifier>
    </Filter>
    <Filter Include="Game\Header files\Entities">
      <UniqueIdentifier>{2d8f42a1-20b9-4947-a578-3683aa31ab27}</UniqueIdentifier>
    </Filter>
    <Filter Include="Game\Source files\Entities">
      <UniqueIdentifier>{50aa7be3-fb02-48a4-a21f-9c63d1d6b585}</UniqueIdentifier>
    </Filter>
    <Filter Include="Engine\Header files\Math">
      <UniqueIdentifier>{515e5600-1a63-4140-ba05-3d2f37da13c6}</UniqueIdentifier>
    </Filter>
    <Filter Include="Engine\Source files\Math">
      <UniqueIdentifier>{41cfde4c-af6e-4926-bc11-23a756b4189c}</UniqueIdentifier>
    </Filter>
    <Filter Include="Engine\Header files\FileSystem">
      <UniqueIdentifier>{c5b28a60-46b4-4649-894f-b995ff47697e}</UniqueIdentifier>
    </Filter>
    <Filter Include="Engine\Source files\FileSystem">
      <UniqueIdentifier>{16df6908-72ac-4e26-bb67-fa9956b31660}</UniqueIdentifier>
    </Filter>
    <Filter Include="Engine\Header files\Graphics">
      <UniqueIdentifier>{715782a7-7167-4f8a-b806-131a0f366470}</UniqueIdentifier>
    </Filter>
    <Filter Include="Engine\Source files\Graphics">
      <UniqueIdentifier>{cfca6528-d42b-4fb6-91a6-ba465a3751ad}</UniqueIdentifier>
    </Filter>
  </ItemGroup>
</Project>