<?xml version="1.0" encoding="utf-8"?>
<Project ToolsVersion="4.0" xmlns="http://schemas.microsoft.com/developer/msbuild/2003">
  <ItemGroup>
    <ClCompile Include="main.cpp" />
    <ClCompile Include="stb_image.c" />
    <ClCompile Include="Utilities.cpp">
      <Filter>Engine\Source files\FileSystem\Utilities</Filter>
    </ClCompile>
    <ClCompile Include="Utils.cpp">
      <Filter>Game\Source Files\Utilities</Filter>
    </ClCompile>
    <ClCompile Include="SDLEvent.cpp" />
    <ClCompile Include="TimeManager.cpp" />
    <ClCompile Include="Asteroid.cpp">
      <Filter>Game\Source Files\Entities</Filter>
    </ClCompile>
    <ClCompile Include="Entities.cpp">
      <Filter>Game\Source Files\Entities</Filter>
    </ClCompile>
    <ClCompile Include="Bullet.cpp">
      <Filter>Game\Source Files\Entities</Filter>
    </ClCompile>
    <ClCompile Include="App.cpp" />
    <ClCompile Include="Vector2.cpp">
      <Filter>Engine\Source files\Math</Filter>
    </ClCompile>
    <ClCompile Include="Vector3.cpp">
      <Filter>Engine\Source files\Math</Filter>
    </ClCompile>
    <ClCompile Include="Ship.cpp">
      <Filter>Game\Source Files\Entities</Filter>
    </ClCompile>
    <ClCompile Include="AABB.cpp" />
    <ClCompile Include="Asteroids.cpp">
      <Filter>Game\Source Files\Entities</Filter>
    </ClCompile>
  </ItemGroup>
  <ItemGroup>
    <ClInclude Include="Utilities.h">
      <Filter>Engine\Header files\FileSystem\Utilities</Filter>
    </ClInclude>
    <ClInclude Include="Utils.h">
      <Filter>Game\Header Files\Utilities</Filter>
    </ClInclude>
    <ClInclude Include="SDLEvent.hpp" />
    <ClInclude Include="TimeManager.hpp" />
    <ClInclude Include="Entities.h">
      <Filter>Game\Header Files\Entities</Filter>
    </ClInclude>
    <ClInclude Include="Asteroid.h">
      <Filter>Game\Header Files\Entities</Filter>
    </ClInclude>
    <ClInclude Include="Bullet.h">
      <Filter>Game\Header Files\Entities</Filter>
    </ClInclude>
    <ClInclude Include="App.hpp" />
    <ClInclude Include="MathUtilities.h">
      <Filter>Engine\Header files\Math</Filter>
    </ClInclude>
    <ClInclude Include="Vector2.h">
      <Filter>Engine\Header files\Math</Filter>
    </ClInclude>
    <ClInclude Include="Vector3.h">
      <Filter>Engine\Header files\Math</Filter>
    </ClInclude>
    <ClInclude Include="Ship.h">
      <Filter>Game\Header Files\Entities</Filter>
    </ClInclude>
    <ClInclude Include="EPhysics.h">
      <Filter>Game\Header Files\Physics</Filter>
    </ClInclude>
    <ClInclude Include="AABB.h" />
    <ClInclude Include="Asteroids.h">
      <Filter>Game\Header Files\Entities</Filter>
    </ClInclude>
  </ItemGroup>
  <ItemGroup>
    <Filter Include="Engine">
      <UniqueIdentifier>{6f9fb37f-e47b-46c3-8209-dbf486018555}</UniqueIdentifier>
    </Filter>
    <Filter Include="Engine\Source files">
      <UniqueIdentifier>{0a3ec513-922c-4b14-83e3-98e1934fea74}</UniqueIdentifier>
    </Filter>
    <Filter Include="Engine\Header files">
      <UniqueIdentifier>{da8cc683-e66e-46b9-be58-7d0e16e23f76}</UniqueIdentifier>
    </Filter>
    <Filter Include="Engine\Header files\FileSystem">
      <UniqueIdentifier>{1dece13e-f029-40f7-af5e-2a611a4d03b9}</UniqueIdentifier>
    </Filter>
    <Filter Include="Engine\Header files\FileSystem\Utilities">
      <UniqueIdentifier>{13d34522-f7eb-4919-97f2-9b6ac83fd2bd}</UniqueIdentifier>
    </Filter>
    <Filter Include="Engine\Source files\FileSystem">
      <UniqueIdentifier>{9cf0e4a2-7d3a-4ef1-84a8-0089d1fa016d}</UniqueIdentifier>
    </Filter>
    <Filter Include="Game">
      <UniqueIdentifier>{645ef11d-5e03-4b7b-afc2-1577024558d7}</UniqueIdentifier>
    </Filter>
    <Filter Include="Game\Header Files">
      <UniqueIdentifier>{7b602fbb-c8eb-46ab-8c84-446f20006e0a}</UniqueIdentifier>
    </Filter>
    <Filter Include="Game\Source Files">
      <UniqueIdentifier>{b60a2393-11ec-4a51-8285-c20a38612f0a}</UniqueIdentifier>
    </Filter>
    <Filter Include="Game\Header Files\Entities">
      <UniqueIdentifier>{49b12225-c4aa-4509-812c-b3f2fcd20be7}</UniqueIdentifier>
    </Filter>
    <Filter Include="Game\Source Files\Entities">
      <UniqueIdentifier>{f009c89f-c70f-4394-ad95-e814a2e19781}</UniqueIdentifier>
    </Filter>
    <Filter Include="Engine\Source files\FileSystem\Utilities">
      <UniqueIdentifier>{88a7b32b-bb8f-46e1-8377-83ae11c1305c}</UniqueIdentifier>
    </Filter>
    <Filter Include="Game\Header Files\Utilities">
      <UniqueIdentifier>{66c01fe6-5389-46b7-acda-b785e19db008}</UniqueIdentifier>
    </Filter>
    <Filter Include="Game\Source Files\Utilities">
      <UniqueIdentifier>{a0c13573-782c-47da-a512-7ee38b323638}</UniqueIdentifier>
    </Filter>
    <Filter Include="Engine\Source files\Math">
      <UniqueIdentifier>{9e2d17e1-e009-402a-8ffd-52ebe8fb42ad}</UniqueIdentifier>
    </Filter>
    <Filter Include="Engine\Header files\Math">
      <UniqueIdentifier>{9c665a1a-ecf1-4907-8a37-ec24d81c79b1}</UniqueIdentifier>
    </Filter>
    <Filter Include="Game\Header Files\Physics">
      <UniqueIdentifier>{4bc96340-f8b8-43f2-a4ed-3879a69cdcd8}</UniqueIdentifier>
    </Filter>
  </ItemGroup>
</Project>